
Microsoft Visual Studio Solution File, Format Version 12.00
# Visual Studio Version 16
VisualStudioVersion = 16.0.30114.105
MinimumVisualStudioVersion = 10.0.40219.1
Project("{FAE04EC0-301F-11D3-BF4B-00C04F79EFBC}") = "Challenges", "Challenges\Challenges.csproj", "{AE3DFE93-DE32-4FEB-92D5-20059E99F208}"
EndProject
Project("{FAE04EC0-301F-11D3-BF4B-00C04F79EFBC}") = "Challenges.Tests", "Challenges.Tests\Challenges.Tests.csproj", "{A2B0B6C3-8260-425B-83DD-5A5F055B63C7}"
EndProject
Global
	GlobalSection(SolutionConfigurationPlatforms) = preSolution
		Debug|Any CPU = Debug|Any CPU
		Release|Any CPU = Release|Any CPU
	EndGlobalSection
	GlobalSection(SolutionProperties) = preSolution
		HideSolutionNode = FALSE
	EndGlobalSection
	GlobalSection(ProjectConfigurationPlatforms) = postSolution
		{AE3DFE93-DE32-4FEB-92D5-20059E99F208}.Debug|Any CPU.ActiveCfg = Debug|Any CPU
		{AE3DFE93-DE32-4FEB-92D5-20059E99F208}.Debug|Any CPU.Build.0 = Debug|Any CPU
		{AE3DFE93-DE32-4FEB-92D5-20059E99F208}.Release|Any CPU.ActiveCfg = Release|Any CPU
		{AE3DFE93-DE32-4FEB-92D5-20059E99F208}.Release|Any CPU.Build.0 = Release|Any CPU
		{A2B0B6C3-8260-425B-83DD-5A5F055B63C7}.Debug|Any CPU.ActiveCfg = Debug|Any CPU
		{A2B0B6C3-8260-425B-83DD-5A5F055B63C7}.Debug|Any CPU.Build.0 = Debug|Any CPU
		{A2B0B6C3-8260-425B-83DD-5A5F055B63C7}.Release|Any CPU.ActiveCfg = Release|Any CPU
		{A2B0B6C3-8260-425B-83DD-5A5F055B63C7}.Release|Any CPU.Build.0 = Release|Any CPU
	EndGlobalSection
EndGlobal
